
Microsoft Visual Studio Solution File, Format Version 12.00
# Visual Studio Version 16
VisualStudioVersion = 16.0.31515.178
MinimumVisualStudioVersion = 10.0.40219.1
Project("{2150E333-8FDC-42A3-9474-1A3956D46DE8}") = "Source", "Source", "{DAAB98F7-FAC0-468C-82FC-68271CE067E2}"
EndProject
Project("{9A19103F-16F7-4668-BE54-9A1E7A4F7556}") = "RedisBlazor", "Source\RedisBlazor\RedisBlazor.csproj", "{AA4687ED-C490-4156-AA29-130EB0D9496C}"
EndProject
Global
	GlobalSection(SolutionConfigurationPlatforms) = preSolution
		Debug|Any CPU = Debug|Any CPU
		Release|Any CPU = Release|Any CPU
	EndGlobalSection
	GlobalSection(ProjectConfigurationPlatforms) = postSolution
		{AA4687ED-C490-4156-AA29-130EB0D9496C}.Debug|Any CPU.ActiveCfg = Debug|Any CPU
		{AA4687ED-C490-4156-AA29-130EB0D9496C}.Debug|Any CPU.Build.0 = Debug|Any CPU
		{AA4687ED-C490-4156-AA29-130EB0D9496C}.Release|Any CPU.ActiveCfg = Release|Any CPU
		{AA4687ED-C490-4156-AA29-130EB0D9496C}.Release|Any CPU.Build.0 = Release|Any CPU
	EndGlobalSection
	GlobalSection(SolutionProperties) = preSolution
		HideSolutionNode = FALSE
	EndGlobalSection
	GlobalSection(NestedProjects) = preSolution
		{AA4687ED-C490-4156-AA29-130EB0D9496C} = {DAAB98F7-FAC0-468C-82FC-68271CE067E2}
	EndGlobalSection
	GlobalSection(ExtensibilityGlobals) = postSolution
		SolutionGuid = {D457EAFC-5348-4413-BA21-9FE3A1D7BDEA}
	EndGlobalSection
EndGlobal
